
Microsoft Visual Studio Solution File, Format Version 12.00
# Visual Studio Version 16
VisualStudioVersion = 16.0.31112.23
MinimumVisualStudioVersion = 10.0.40219.1
Project("{FAE04EC0-301F-11D3-BF4B-00C04F79EFBC}") = "Homework1.Csharp", "Homework1.Csharp\Homework1.Csharp.csproj", "{53E55421-BC77-4D46-A9C4-BB815D884341}"
EndProject
Global
	GlobalSection(SolutionConfigurationPlatforms) = preSolution
		Debug|Any CPU = Debug|Any CPU
		Release|Any CPU = Release|Any CPU
	EndGlobalSection
	GlobalSection(ProjectConfigurationPlatforms) = postSolution
		{53E55421-BC77-4D46-A9C4-BB815D884341}.Debug|Any CPU.ActiveCfg = Debug|Any CPU
		{53E55421-BC77-4D46-A9C4-BB815D884341}.Debug|Any CPU.Build.0 = Debug|Any CPU
		{53E55421-BC77-4D46-A9C4-BB815D884341}.Release|Any CPU.ActiveCfg = Release|Any CPU
		{53E55421-BC77-4D46-A9C4-BB815D884341}.Release|Any CPU.Build.0 = Release|Any CPU
	EndGlobalSection
	GlobalSection(SolutionProperties) = preSolution
		HideSolutionNode = FALSE
	EndGlobalSection
	GlobalSection(ExtensibilityGlobals) = postSolution
		SolutionGuid = {6DD78F84-AE0A-469A-8988-F851648271C1}
	EndGlobalSection
EndGlobal
